
Microsoft Visual Studio Solution File, Format Version 12.00
# Visual Studio Version 16
VisualStudioVersion = 16.0.30104.148
MinimumVisualStudioVersion = 10.0.40219.1
Project("{FAE04EC0-301F-11D3-BF4B-00C04F79EFBC}") = "ConsoleAppPractice", "ConsoleAppPractice\ConsoleAppPractice.csproj", "{D8421391-6321-4B44-AE99-28CF3DE2BBBE}"
EndProject
Project("{FAE04EC0-301F-11D3-BF4B-00C04F79EFBC}") = "ConsoleAppPractice.Tests", "ConsoleAppPractice.Tests\ConsoleAppPractice.Tests.csproj", "{9AC889C8-4468-4D3E-BCBF-940E96619CB1}"
EndProject
Global
	GlobalSection(SolutionConfigurationPlatforms) = preSolution
		Debug|Any CPU = Debug|Any CPU
		Release|Any CPU = Release|Any CPU
	EndGlobalSection
	GlobalSection(ProjectConfigurationPlatforms) = postSolution
		{D8421391-6321-4B44-AE99-28CF3DE2BBBE}.Debug|Any CPU.ActiveCfg = Debug|Any CPU
		{D8421391-6321-4B44-AE99-28CF3DE2BBBE}.Debug|Any CPU.Build.0 = Debug|Any CPU
		{D8421391-6321-4B44-AE99-28CF3DE2BBBE}.Release|Any CPU.ActiveCfg = Release|Any CPU
		{D8421391-6321-4B44-AE99-28CF3DE2BBBE}.Release|Any CPU.Build.0 = Release|Any CPU
		{9AC889C8-4468-4D3E-BCBF-940E96619CB1}.Debug|Any CPU.ActiveCfg = Debug|Any CPU
		{9AC889C8-4468-4D3E-BCBF-940E96619CB1}.Debug|Any CPU.Build.0 = Debug|Any CPU
		{9AC889C8-4468-4D3E-BCBF-940E96619CB1}.Release|Any CPU.ActiveCfg = Release|Any CPU
		{9AC889C8-4468-4D3E-BCBF-940E96619CB1}.Release|Any CPU.Build.0 = Release|Any CPU
	EndGlobalSection
	GlobalSection(SolutionProperties) = preSolution
		HideSolutionNode = FALSE
	EndGlobalSection
	GlobalSection(ExtensibilityGlobals) = postSolution
		SolutionGuid = {019E0677-5085-4FB1-8A1D-75FE1EDA53CA}
	EndGlobalSection
EndGlobal
